
Microsoft Visual Studio Solution File, Format Version 12.00
# Visual Studio 14
VisualStudioVersion = 14.0.25420.1
MinimumVisualStudioVersion = 10.0.40219.1
Project("{8BC9CEB8-8B4A-11D0-8D11-00A0C91BC942}") = "Game", "Game\Game.vcxproj", "{D01FBD42-A306-4A3F-B04A-2B4B09C7FE70}"
	ProjectSection(ProjectDependencies) = postProject
		{A434E80C-1049-10BE-D9CA-B31D459E0CEF} = {A434E80C-1049-10BE-D9CA-B31D459E0CEF}
		{83637671-19FF-46E8-97F5-A572545CBB4A} = {83637671-19FF-46E8-97F5-A572545CBB4A}
		{1FCCBA74-9739-413E-A7BB-71FD1FE5347C} = {1FCCBA74-9739-413E-A7BB-71FD1FE5347C}
		{78B079BD-9FC7-4B9E-B4A6-96DA0F00248B} = {78B079BD-9FC7-4B9E-B4A6-96DA0F00248B}
	EndProjectSection
EndProject
Project("{8BC9CEB8-8B4A-11D0-8D11-00A0C91BC942}") = "Engine", "Engine\Engine.vcxproj", "{1FCCBA74-9739-413E-A7BB-71FD1FE5347C}"
	ProjectSection(ProjectDependencies) = postProject
		{A434E80C-1049-10BE-D9CA-B31D459E0CEF} = {A434E80C-1049-10BE-D9CA-B31D459E0CEF}
		{83637671-19FF-46E8-97F5-A572545CBB4A} = {83637671-19FF-46E8-97F5-A572545CBB4A}
		{78B079BD-9FC7-4B9E-B4A6-96DA0F00248B} = {78B079BD-9FC7-4B9E-B4A6-96DA0F00248B}
	EndProjectSection
EndProject
Project("{8BC9CEB8-8B4A-11D0-8D11-00A0C91BC942}") = "Box2D", "Box2D\Build\vs2015\Box2D.vcxproj", "{A434E80C-1049-10BE-D9CA-B31D459E0CEF}"
EndProject
Project("{8BC9CEB8-8B4A-11D0-8D11-00A0C91BC942}") = "freetype", "Freetype\builds\windows\vc2010\freetype.vcxproj", "{78B079BD-9FC7-4B9E-B4A6-96DA0F00248B}"
EndProject
Project("{8BC9CEB8-8B4A-11D0-8D11-00A0C91BC942}") = "ImGui", "Imgui\ImGui.vcxproj", "{83637671-19FF-46E8-97F5-A572545CBB4A}"
EndProject
Project("{8BC9CEB8-8B4A-11D0-8D11-00A0C91BC942}") = "Editor", "Editor\Editor.vcxproj", "{3C85B149-5153-468C-A5BE-0CE0FE1118ED}"
	ProjectSection(ProjectDependencies) = postProject
		{A434E80C-1049-10BE-D9CA-B31D459E0CEF} = {A434E80C-1049-10BE-D9CA-B31D459E0CEF}
		{D01FBD42-A306-4A3F-B04A-2B4B09C7FE70} = {D01FBD42-A306-4A3F-B04A-2B4B09C7FE70}
		{83637671-19FF-46E8-97F5-A572545CBB4A} = {83637671-19FF-46E8-97F5-A572545CBB4A}
		{1FCCBA74-9739-413E-A7BB-71FD1FE5347C} = {1FCCBA74-9739-413E-A7BB-71FD1FE5347C}
		{78B079BD-9FC7-4B9E-B4A6-96DA0F00248B} = {78B079BD-9FC7-4B9E-B4A6-96DA0F00248B}
	EndProjectSection
EndProject
Global
	GlobalSection(SolutionConfigurationPlatforms) = preSolution
		Debug Multithreaded|x64 = Debug Multithreaded|x64
		Debug Multithreaded|x86 = Debug Multithreaded|x86
		Debug Singlethreaded|x64 = Debug Singlethreaded|x64
		Debug Singlethreaded|x86 = Debug Singlethreaded|x86
		Debug|x64 = Debug|x64
		Debug|x86 = Debug|x86
		Release Multithreaded|x64 = Release Multithreaded|x64
		Release Multithreaded|x86 = Release Multithreaded|x86
		Release Singlethreaded|x64 = Release Singlethreaded|x64
		Release Singlethreaded|x86 = Release Singlethreaded|x86
		Release|x64 = Release|x64
		Release|x86 = Release|x86
	EndGlobalSection
	GlobalSection(ProjectConfigurationPlatforms) = postSolution
		{D01FBD42-A306-4A3F-B04A-2B4B09C7FE70}.Debug Multithreaded|x64.ActiveCfg = Debug|x64
		{D01FBD42-A306-4A3F-B04A-2B4B09C7FE70}.Debug Multithreaded|x64.Build.0 = Debug|x64
		{D01FBD42-A306-4A3F-B04A-2B4B09C7FE70}.Debug Multithreaded|x86.ActiveCfg = Debug|Win32
		{D01FBD42-A306-4A3F-B04A-2B4B09C7FE70}.Debug Multithreaded|x86.Build.0 = Debug|Win32
		{D01FBD42-A306-4A3F-B04A-2B4B09C7FE70}.Debug Singlethreaded|x64.ActiveCfg = Debug|x64
		{D01FBD42-A306-4A3F-B04A-2B4B09C7FE70}.Debug Singlethreaded|x64.Build.0 = Debug|x64
		{D01FBD42-A306-4A3F-B04A-2B4B09C7FE70}.Debug Singlethreaded|x86.ActiveCfg = Debug|Win32
		{D01FBD42-A306-4A3F-B04A-2B4B09C7FE70}.Debug Singlethreaded|x86.Build.0 = Debug|Win32
		{D01FBD42-A306-4A3F-B04A-2B4B09C7FE70}.Debug|x64.ActiveCfg = Debug|x64
		{D01FBD42-A306-4A3F-B04A-2B4B09C7FE70}.Debug|x64.Build.0 = Debug|x64
		{D01FBD42-A306-4A3F-B04A-2B4B09C7FE70}.Debug|x86.ActiveCfg = Debug|Win32
		{D01FBD42-A306-4A3F-B04A-2B4B09C7FE70}.Debug|x86.Build.0 = Debug|Win32
		{D01FBD42-A306-4A3F-B04A-2B4B09C7FE70}.Release Multithreaded|x64.ActiveCfg = Release|x64
		{D01FBD42-A306-4A3F-B04A-2B4B09C7FE70}.Release Multithreaded|x64.Build.0 = Release|x64
		{D01FBD42-A306-4A3F-B04A-2B4B09C7FE70}.Release Multithreaded|x86.ActiveCfg = Release|Win32
		{D01FBD42-A306-4A3F-B04A-2B4B09C7FE70}.Release Multithreaded|x86.Build.0 = Release|Win32
		{D01FBD42-A306-4A3F-B04A-2B4B09C7FE70}.Release Singlethreaded|x64.ActiveCfg = Release|x64
		{D01FBD42-A306-4A3F-B04A-2B4B09C7FE70}.Release Singlethreaded|x64.Build.0 = Release|x64
		{D01FBD42-A306-4A3F-B04A-2B4B09C7FE70}.Release Singlethreaded|x86.ActiveCfg = Release|Win32
		{D01FBD42-A306-4A3F-B04A-2B4B09C7FE70}.Release Singlethreaded|x86.Build.0 = Release|Win32
		{D01FBD42-A306-4A3F-B04A-2B4B09C7FE70}.Release|x64.ActiveCfg = Release|x64
		{D01FBD42-A306-4A3F-B04A-2B4B09C7FE70}.Release|x64.Build.0 = Release|x64
		{D01FBD42-A306-4A3F-B04A-2B4B09C7FE70}.Release|x86.ActiveCfg = Release|Win32
		{D01FBD42-A306-4A3F-B04A-2B4B09C7FE70}.Release|x86.Build.0 = Release|Win32
		{1FCCBA74-9739-413E-A7BB-71FD1FE5347C}.Debug Multithreaded|x64.ActiveCfg = Debug|x64
		{1FCCBA74-9739-413E-A7BB-71FD1FE5347C}.Debug Multithreaded|x64.Build.0 = Debug|x64
		{1FCCBA74-9739-413E-A7BB-71FD1FE5347C}.Debug Multithreaded|x86.ActiveCfg = Debug|Win32
		{1FCCBA74-9739-413E-A7BB-71FD1FE5347C}.Debug Multithreaded|x86.Build.0 = Debug|Win32
		{1FCCBA74-9739-413E-A7BB-71FD1FE5347C}.Debug Singlethreaded|x64.ActiveCfg = Debug|x64
		{1FCCBA74-9739-413E-A7BB-71FD1FE5347C}.Debug Singlethreaded|x64.Build.0 = Debug|x64
		{1FCCBA74-9739-413E-A7BB-71FD1FE5347C}.Debug Singlethreaded|x86.ActiveCfg = Debug|Win32
		{1FCCBA74-9739-413E-A7BB-71FD1FE5347C}.Debug Singlethreaded|x86.Build.0 = Debug|Win32
		{1FCCBA74-9739-413E-A7BB-71FD1FE5347C}.Debug|x64.ActiveCfg = Debug|x64
		{1FCCBA74-9739-413E-A7BB-71FD1FE5347C}.Debug|x64.Build.0 = Debug|x64
		{1FCCBA74-9739-413E-A7BB-71FD1FE5347C}.Debug|x86.ActiveCfg = Debug|Win32
		{1FCCBA74-9739-413E-A7BB-71FD1FE5347C}.Debug|x86.Build.0 = Debug|Win32
		{1FCCBA74-9739-413E-A7BB-71FD1FE5347C}.Release Multithreaded|x64.ActiveCfg = Release|x64
		{1FCCBA74-9739-413E-A7BB-71FD1FE5347C}.Release Multithreaded|x64.Build.0 = Release|x64
		{1FCCBA74-9739-413E-A7BB-71FD1FE5347C}.Release Multithreaded|x86.ActiveCfg = Release|Win32
		{1FCCBA74-9739-413E-A7BB-71FD1FE5347C}.Release Multithreaded|x86.Build.0 = Release|Win32
		{1FCCBA74-9739-413E-A7BB-71FD1FE5347C}.Release Singlethreaded|x64.ActiveCfg = Release|x64
		{1FCCBA74-9739-413E-A7BB-71FD1FE5347C}.Release Singlethreaded|x64.Build.0 = Release|x64
		{1FCCBA74-9739-413E-A7BB-71FD1FE5347C}.Release Singlethreaded|x86.ActiveCfg = Release|Win32
		{1FCCBA74-9739-413E-A7BB-71FD1FE5347C}.Release Singlethreaded|x86.Build.0 = Release|Win32
		{1FCCBA74-9739-413E-A7BB-71FD1FE5347C}.Release|x64.ActiveCfg = Release|x64
		{1FCCBA74-9739-413E-A7BB-71FD1FE5347C}.Release|x64.Build.0 = Release|x64
		{1FCCBA74-9739-413E-A7BB-71FD1FE5347C}.Release|x86.ActiveCfg = Release|Win32
		{1FCCBA74-9739-413E-A7BB-71FD1FE5347C}.Release|x86.Build.0 = Release|Win32
		{A434E80C-1049-10BE-D9CA-B31D459E0CEF}.Debug Multithreaded|x64.ActiveCfg = Release|Win32
		{A434E80C-1049-10BE-D9CA-B31D459E0CEF}.Debug Multithreaded|x64.Build.0 = Release|Win32
		{A434E80C-1049-10BE-D9CA-B31D459E0CEF}.Debug Multithreaded|x86.ActiveCfg = Debug|Win32
		{A434E80C-1049-10BE-D9CA-B31D459E0CEF}.Debug Multithreaded|x86.Build.0 = Debug|Win32
		{A434E80C-1049-10BE-D9CA-B31D459E0CEF}.Debug Singlethreaded|x64.ActiveCfg = Release|Win32
		{A434E80C-1049-10BE-D9CA-B31D459E0CEF}.Debug Singlethreaded|x64.Build.0 = Release|Win32
		{A434E80C-1049-10BE-D9CA-B31D459E0CEF}.Debug Singlethreaded|x86.ActiveCfg = Debug|Win32
		{A434E80C-1049-10BE-D9CA-B31D459E0CEF}.Debug Singlethreaded|x86.Build.0 = Debug|Win32
		{A434E80C-1049-10BE-D9CA-B31D459E0CEF}.Debug|x64.ActiveCfg = Debug|Win32
		{A434E80C-1049-10BE-D9CA-B31D459E0CEF}.Debug|x86.ActiveCfg = Debug|Win32
		{A434E80C-1049-10BE-D9CA-B31D459E0CEF}.Debug|x86.Build.0 = Debug|Win32
		{A434E80C-1049-10BE-D9CA-B31D459E0CEF}.Release Multithreaded|x64.ActiveCfg = Release|Win32
		{A434E80C-1049-10BE-D9CA-B31D459E0CEF}.Release Multithreaded|x64.Build.0 = Release|Win32
		{A434E80C-1049-10BE-D9CA-B31D459E0CEF}.Release Multithreaded|x86.ActiveCfg = Release|Win32
		{A434E80C-1049-10BE-D9CA-B31D459E0CEF}.Release Multithreaded|x86.Build.0 = Release|Win32
		{A434E80C-1049-10BE-D9CA-B31D459E0CEF}.Release Singlethreaded|x64.ActiveCfg = Release|Win32
		{A434E80C-1049-10BE-D9CA-B31D459E0CEF}.Release Singlethreaded|x64.Build.0 = Release|Win32
		{A434E80C-1049-10BE-D9CA-B31D459E0CEF}.Release Singlethreaded|x86.ActiveCfg = Release|Win32
		{A434E80C-1049-10BE-D9CA-B31D459E0CEF}.Release Singlethreaded|x86.Build.0 = Release|Win32
		{A434E80C-1049-10BE-D9CA-B31D459E0CEF}.Release|x64.ActiveCfg = Release|Win32
		{A434E80C-1049-10BE-D9CA-B31D459E0CEF}.Release|x86.ActiveCfg = Release|Win32
		{A434E80C-1049-10BE-D9CA-B31D459E0CEF}.Release|x86.Build.0 = Release|Win32
		{78B079BD-9FC7-4B9E-B4A6-96DA0F00248B}.Debug Multithreaded|x64.ActiveCfg = Debug Multithreaded|x64
		{78B079BD-9FC7-4B9E-B4A6-96DA0F00248B}.Debug Multithreaded|x64.Build.0 = Debug Multithreaded|x64
		{78B079BD-9FC7-4B9E-B4A6-96DA0F00248B}.Debug Multithreaded|x86.ActiveCfg = Debug Multithreaded|Win32
		{78B079BD-9FC7-4B9E-B4A6-96DA0F00248B}.Debug Multithreaded|x86.Build.0 = Debug Multithreaded|Win32
		{78B079BD-9FC7-4B9E-B4A6-96DA0F00248B}.Debug Singlethreaded|x64.ActiveCfg = Debug Singlethreaded|x64
		{78B079BD-9FC7-4B9E-B4A6-96DA0F00248B}.Debug Singlethreaded|x64.Build.0 = Debug Singlethreaded|x64
		{78B079BD-9FC7-4B9E-B4A6-96DA0F00248B}.Debug Singlethreaded|x86.ActiveCfg = Debug Singlethreaded|Win32
		{78B079BD-9FC7-4B9E-B4A6-96DA0F00248B}.Debug Singlethreaded|x86.Build.0 = Debug Singlethreaded|Win32
		{78B079BD-9FC7-4B9E-B4A6-96DA0F00248B}.Debug|x64.ActiveCfg = Debug|x64
		{78B079BD-9FC7-4B9E-B4A6-96DA0F00248B}.Debug|x64.Build.0 = Debug|x64
		{78B079BD-9FC7-4B9E-B4A6-96DA0F00248B}.Debug|x86.ActiveCfg = Release Multithreaded|Win32
		{78B079BD-9FC7-4B9E-B4A6-96DA0F00248B}.Debug|x86.Build.0 = Release Multithreaded|Win32
		{78B079BD-9FC7-4B9E-B4A6-96DA0F00248B}.Release Multithreaded|x64.ActiveCfg = Release Multithreaded|x64
		{78B079BD-9FC7-4B9E-B4A6-96DA0F00248B}.Release Multithreaded|x64.Build.0 = Release Multithreaded|x64
		{78B079BD-9FC7-4B9E-B4A6-96DA0F00248B}.Release Multithreaded|x86.ActiveCfg = Release Multithreaded|Win32
		{78B079BD-9FC7-4B9E-B4A6-96DA0F00248B}.Release Multithreaded|x86.Build.0 = Release Multithreaded|Win32
		{78B079BD-9FC7-4B9E-B4A6-96DA0F00248B}.Release Singlethreaded|x64.ActiveCfg = Release Singlethreaded|x64
		{78B079BD-9FC7-4B9E-B4A6-96DA0F00248B}.Release Singlethreaded|x64.Build.0 = Release Singlethreaded|x64
		{78B079BD-9FC7-4B9E-B4A6-96DA0F00248B}.Release Singlethreaded|x86.ActiveCfg = Release Singlethreaded|Win32
		{78B079BD-9FC7-4B9E-B4A6-96DA0F00248B}.Release Singlethreaded|x86.Build.0 = Release Singlethreaded|Win32
		{78B079BD-9FC7-4B9E-B4A6-96DA0F00248B}.Release|x64.ActiveCfg = Release|x64
		{78B079BD-9FC7-4B9E-B4A6-96DA0F00248B}.Release|x64.Build.0 = Release|x64
		{78B079BD-9FC7-4B9E-B4A6-96DA0F00248B}.Release|x86.ActiveCfg = Release Multithreaded|Win32
		{78B079BD-9FC7-4B9E-B4A6-96DA0F00248B}.Release|x86.Build.0 = Release Multithreaded|Win32
		{83637671-19FF-46E8-97F5-A572545CBB4A}.Debug Multithreaded|x64.ActiveCfg = Debug|x64
		{83637671-19FF-46E8-97F5-A572545CBB4A}.Debug Multithreaded|x64.Build.0 = Debug|x64
		{83637671-19FF-46E8-97F5-A572545CBB4A}.Debug Multithreaded|x86.ActiveCfg = Debug|Win32
		{83637671-19FF-46E8-97F5-A572545CBB4A}.Debug Multithreaded|x86.Build.0 = Debug|Win32
		{83637671-19FF-46E8-97F5-A572545CBB4A}.Debug Singlethreaded|x64.ActiveCfg = Debug|x64
		{83637671-19FF-46E8-97F5-A572545CBB4A}.Debug Singlethreaded|x64.Build.0 = Debug|x64
		{83637671-19FF-46E8-97F5-A572545CBB4A}.Debug Singlethreaded|x86.ActiveCfg = Debug|Win32
		{83637671-19FF-46E8-97F5-A572545CBB4A}.Debug Singlethreaded|x86.Build.0 = Debug|Win32
		{83637671-19FF-46E8-97F5-A572545CBB4A}.Debug|x64.ActiveCfg = Debug|x64
		{83637671-19FF-46E8-97F5-A572545CBB4A}.Debug|x64.Build.0 = Debug|x64
		{83637671-19FF-46E8-97F5-A572545CBB4A}.Debug|x86.ActiveCfg = Release|Win32
		{83637671-19FF-46E8-97F5-A572545CBB4A}.Debug|x86.Build.0 = Release|Win32
		{83637671-19FF-46E8-97F5-A572545CBB4A}.Release Multithreaded|x64.ActiveCfg = Release|x64
		{83637671-19FF-46E8-97F5-A572545CBB4A}.Release Multithreaded|x64.Build.0 = Release|x64
		{83637671-19FF-46E8-97F5-A572545CBB4A}.Release Multithreaded|x86.ActiveCfg = Release|Win32
		{83637671-19FF-46E8-97F5-A572545CBB4A}.Release Multithreaded|x86.Build.0 = Release|Win32
		{83637671-19FF-46E8-97F5-A572545CBB4A}.Release Singlethreaded|x64.ActiveCfg = Release|x64
		{83637671-19FF-46E8-97F5-A572545CBB4A}.Release Singlethreaded|x64.Build.0 = Release|x64
		{83637671-19FF-46E8-97F5-A572545CBB4A}.Release Singlethreaded|x86.ActiveCfg = Release|Win32
		{83637671-19FF-46E8-97F5-A572545CBB4A}.Release Singlethreaded|x86.Build.0 = Release|Win32
		{83637671-19FF-46E8-97F5-A572545CBB4A}.Release|x64.ActiveCfg = Release|x64
		{83637671-19FF-46E8-97F5-A572545CBB4A}.Release|x64.Build.0 = Release|x64
		{83637671-19FF-46E8-97F5-A572545CBB4A}.Release|x86.ActiveCfg = Release|Win32
		{83637671-19FF-46E8-97F5-A572545CBB4A}.Release|x86.Build.0 = Release|Win32
		{3C85B149-5153-468C-A5BE-0CE0FE1118ED}.Debug Multithreaded|x64.ActiveCfg = Debug|x64
		{3C85B149-5153-468C-A5BE-0CE0FE1118ED}.Debug Multithreaded|x64.Build.0 = Debug|x64
		{3C85B149-5153-468C-A5BE-0CE0FE1118ED}.Debug Multithreaded|x86.ActiveCfg = Debug|Win32
		{3C85B149-5153-468C-A5BE-0CE0FE1118ED}.Debug Multithreaded|x86.Build.0 = Debug|Win32
		{3C85B149-5153-468C-A5BE-0CE0FE1118ED}.Debug Singlethreaded|x64.ActiveCfg = Debug|x64
		{3C85B149-5153-468C-A5BE-0CE0FE1118ED}.Debug Singlethreaded|x64.Build.0 = Debug|x64
		{3C85B149-5153-468C-A5BE-0CE0FE1118ED}.Debug Singlethreaded|x86.ActiveCfg = Debug|Win32
		{3C85B149-5153-468C-A5BE-0CE0FE1118ED}.Debug Singlethreaded|x86.Build.0 = Debug|Win32
		{3C85B149-5153-468C-A5BE-0CE0FE1118ED}.Debug|x64.ActiveCfg = Debug|x64
		{3C85B149-5153-468C-A5BE-0CE0FE1118ED}.Debug|x64.Build.0 = Debug|x64
		{3C85B149-5153-468C-A5BE-0CE0FE1118ED}.Debug|x86.ActiveCfg = Debug|Win32
		{3C85B149-5153-468C-A5BE-0CE0FE1118ED}.Debug|x86.Build.0 = Debug|Win32
		{3C85B149-5153-468C-A5BE-0CE0FE1118ED}.Release Multithreaded|x64.ActiveCfg = Release|x64
		{3C85B149-5153-468C-A5BE-0CE0FE1118ED}.Release Multithreaded|x64.Build.0 = Release|x64
		{3C85B149-5153-468C-A5BE-0CE0FE1118ED}.Release Multithreaded|x86.ActiveCfg = Release|Win32
		{3C85B149-5153-468C-A5BE-0CE0FE1118ED}.Release Multithreaded|x86.Build.0 = Release|Win32
		{3C85B149-5153-468C-A5BE-0CE0FE1118ED}.Release Singlethreaded|x64.ActiveCfg = Release|x64
		{3C85B149-5153-468C-A5BE-0CE0FE1118ED}.Release Singlethreaded|x64.Build.0 = Release|x64
		{3C85B149-5153-468C-A5BE-0CE0FE1118ED}.Release Singlethreaded|x86.ActiveCfg = Release|Win32
		{3C85B149-5153-468C-A5BE-0CE0FE1118ED}.Release Singlethreaded|x86.Build.0 = Release|Win32
		{3C85B149-5153-468C-A5BE-0CE0FE1118ED}.Release|x64.ActiveCfg = Release|x64
		{3C85B149-5153-468C-A5BE-0CE0FE1118ED}.Release|x64.Build.0 = Release|x64
		{3C85B149-5153-468C-A5BE-0CE0FE1118ED}.Release|x86.ActiveCfg = Release|Win32
		{3C85B149-5153-468C-A5BE-0CE0FE1118ED}.Release|x86.Build.0 = Release|Win32
	EndGlobalSection
	GlobalSection(SolutionProperties) = preSolution
		HideSolutionNode = FALSE
	EndGlobalSection
EndGlobal
